
Microsoft Visual Studio Solution File, Format Version 12.00
# Visual Studio Version 16
VisualStudioVersion = 16.0.29009.5
MinimumVisualStudioVersion = 10.0.40219.1
Project("{9A19103F-16F7-4668-BE54-9A1E7A4F7556}") = "FourTwenty.Core", "FourTwenty.Core\FourTwenty.Core.csproj", "{98AD9DEB-4834-49D9-B988-7760EC22CA3C}"
EndProject
Project("{9A19103F-16F7-4668-BE54-9A1E7A4F7556}") = "FourTwenty.Dashboard", "FourTwenty.Dashboard\FourTwenty.Dashboard.csproj", "{3B212D3C-62FA-4A5A-AE97-8D2579BDA61E}"
EndProject
Project("{9A19103F-16F7-4668-BE54-9A1E7A4F7556}") = "FourTwenty.CoreTests", "FourTwenty.CoreTests\FourTwenty.CoreTests.csproj", "{F996F0C0-47E9-4A26-8E2D-762762BD4115}"
EndProject
Global
	GlobalSection(SolutionConfigurationPlatforms) = preSolution
		Debug|Any CPU = Debug|Any CPU
		Release|Any CPU = Release|Any CPU
	EndGlobalSection
	GlobalSection(ProjectConfigurationPlatforms) = postSolution
		{98AD9DEB-4834-49D9-B988-7760EC22CA3C}.Debug|Any CPU.ActiveCfg = Debug|Any CPU
		{98AD9DEB-4834-49D9-B988-7760EC22CA3C}.Debug|Any CPU.Build.0 = Debug|Any CPU
		{98AD9DEB-4834-49D9-B988-7760EC22CA3C}.Release|Any CPU.ActiveCfg = Release|Any CPU
		{98AD9DEB-4834-49D9-B988-7760EC22CA3C}.Release|Any CPU.Build.0 = Release|Any CPU
		{3B212D3C-62FA-4A5A-AE97-8D2579BDA61E}.Debug|Any CPU.ActiveCfg = Debug|Any CPU
		{3B212D3C-62FA-4A5A-AE97-8D2579BDA61E}.Debug|Any CPU.Build.0 = Debug|Any CPU
		{3B212D3C-62FA-4A5A-AE97-8D2579BDA61E}.Release|Any CPU.ActiveCfg = Release|Any CPU
		{3B212D3C-62FA-4A5A-AE97-8D2579BDA61E}.Release|Any CPU.Build.0 = Release|Any CPU
		{F996F0C0-47E9-4A26-8E2D-762762BD4115}.Debug|Any CPU.ActiveCfg = Debug|Any CPU
		{F996F0C0-47E9-4A26-8E2D-762762BD4115}.Debug|Any CPU.Build.0 = Debug|Any CPU
		{F996F0C0-47E9-4A26-8E2D-762762BD4115}.Release|Any CPU.ActiveCfg = Release|Any CPU
		{F996F0C0-47E9-4A26-8E2D-762762BD4115}.Release|Any CPU.Build.0 = Release|Any CPU
	EndGlobalSection
	GlobalSection(SolutionProperties) = preSolution
		HideSolutionNode = FALSE
	EndGlobalSection
	GlobalSection(ExtensibilityGlobals) = postSolution
		SolutionGuid = {769D7D46-58B7-4BAF-9759-CDFE90E09A39}
	EndGlobalSection
EndGlobal
